// !$*UTF8*$!
{
	archiveVersion = 1;
	classes = {
	};
	objectVersion = 46;
	objects = {

/* Begin PBXBuildFile section */
		DF3E95C71884463200306A49 /* Foundation.framework in Frameworks */ = {isa = PBXBuildFile; fileRef = DF3E95C61884463200306A49 /* Foundation.framework */; };
		DF3E95C91884463200306A49 /* CoreGraphics.framework in Frameworks */ = {isa = PBXBuildFile; fileRef = DF3E95C81884463200306A49 /* CoreGraphics.framework */; };
		DF3E95CB1884463200306A49 /* UIKit.framework in Frameworks */ = {isa = PBXBuildFile; fileRef = DF3E95CA1884463200306A49 /* UIKit.framework */; };
		DF3E95D11884463200306A49 /* InfoPlist.strings in Resources */ = {isa = PBXBuildFile; fileRef = DF3E95CF1884463200306A49 /* InfoPlist.strings */; };
		DF3E95D31884463200306A49 /* main.m in Sources */ = {isa = PBXBuildFile; fileRef = DF3E95D21884463200306A49 /* main.m */; };
		DF3E95D71884463200306A49 /* AppDelegate.m in Sources */ = {isa = PBXBuildFile; fileRef = DF3E95D61884463200306A49 /* AppDelegate.m */; };
		DF3E95DD1884463200306A49 /* ViewController.m in Sources */ = {isa = PBXBuildFile; fileRef = DF3E95DC1884463200306A49 /* ViewController.m */; };
		DF3E95DF1884463200306A49 /* Images.xcassets in Resources */ = {isa = PBXBuildFile; fileRef = DF3E95DE1884463200306A49 /* Images.xcassets */; };
		DF3E95E61884463200306A49 /* XCTest.framework in Frameworks */ = {isa = PBXBuildFile; fileRef = DF3E95E51884463200306A49 /* XCTest.framework */; };
		DF3E95E71884463200306A49 /* Foundation.framework in Frameworks */ = {isa = PBXBuildFile; fileRef = DF3E95C61884463200306A49 /* Foundation.framework */; };
		DF3E95E81884463200306A49 /* UIKit.framework in Frameworks */ = {isa = PBXBuildFile; fileRef = DF3E95CA1884463200306A49 /* UIKit.framework */; };
		DF3E95F01884463200306A49 /* InfoPlist.strings in Resources */ = {isa = PBXBuildFile; fileRef = DF3E95EE1884463200306A49 /* InfoPlist.strings */; };
		DF3E95F21884463200306A49 /* AutoLayoutCellWarningTests.m in Sources */ = {isa = PBXBuildFile; fileRef = DF3E95F11884463200306A49 /* AutoLayoutCellWarningTests.m */; };
		DF3E95FD188451CD00306A49 /* TableViewCell.m in Sources */ = {isa = PBXBuildFile; fileRef = DF3E95FC188451CD00306A49 /* TableViewCell.m */; };
		DF3E96031884533100306A49 /* 150x150@2x.png in Resources */ = {isa = PBXBuildFile; fileRef = DF3E96021884533100306A49 /* 150x150@2x.png */; };
/* End PBXBuildFile section */

/* Begin PBXContainerItemProxy section */
		DF3E95E91884463200306A49 /* PBXContainerItemProxy */ = {
			isa = PBXContainerItemProxy;
			containerPortal = DF3E95BB1884463200306A49 /* Project object */;
			proxyType = 1;
			remoteGlobalIDString = DF3E95C21884463200306A49;
			remoteInfo = AutoLayoutCellWarning;
		};
/* End PBXContainerItemProxy section */

/* Begin PBXFileReference section */
		DF3E95C31884463200306A49 /* AutoLayoutCellWarning.app */ = {isa = PBXFileReference; explicitFileType = wrapper.application; includeInIndex = 0; path = AutoLayoutCellWarning.app; sourceTree = BUILT_PRODUCTS_DIR; };
		DF3E95C61884463200306A49 /* Foundation.framework */ = {isa = PBXFileReference; lastKnownFileType = wrapper.framework; name = Foundation.framework; path = System/Library/Frameworks/Foundation.framework; sourceTree = SDKROOT; };
		DF3E95C81884463200306A49 /* CoreGraphics.framework */ = {isa = PBXFileReference; lastKnownFileType = wrapper.framework; name = CoreGraphics.framework; path = System/Library/Frameworks/CoreGraphics.framework; sourceTree = SDKROOT; };
		DF3E95CA1884463200306A49 /* UIKit.framework */ = {isa = PBXFileReference; lastKnownFileType = wrapper.framework; name = UIKit.framework; path = System/Library/Frameworks/UIKit.framework; sourceTree = SDKROOT; };
		DF3E95CE1884463200306A49 /* AutoLayoutCellWarning-Info.plist */ = {isa = PBXFileReference; lastKnownFileType = text.plist.xml; path = "AutoLayoutCellWarning-Info.plist"; sourceTree = "<group>"; };
		DF3E95D01884463200306A49 /* en */ = {isa = PBXFileReference; lastKnownFileType = text.plist.strings; name = en; path = en.lproj/InfoPlist.strings; sourceTree = "<group>"; };
		DF3E95D21884463200306A49 /* main.m */ = {isa = PBXFileReference; lastKnownFileType = sourcecode.c.objc; path = main.m; sourceTree = "<group>"; };
		DF3E95D41884463200306A49 /* AutoLayoutCellWarning-Prefix.pch */ = {isa = PBXFileReference; lastKnownFileType = sourcecode.c.h; path = "AutoLayoutCellWarning-Prefix.pch"; sourceTree = "<group>"; };
		DF3E95D51884463200306A49 /* AppDelegate.h */ = {isa = PBXFileReference; lastKnownFileType = sourcecode.c.h; path = AppDelegate.h; sourceTree = "<group>"; };
		DF3E95D61884463200306A49 /* AppDelegate.m */ = {isa = PBXFileReference; lastKnownFileType = sourcecode.c.objc; path = AppDelegate.m; sourceTree = "<group>"; };
		DF3E95DB1884463200306A49 /* ViewController.h */ = {isa = PBXFileReference; lastKnownFileType = sourcecode.c.h; path = ViewController.h; sourceTree = "<group>"; };
		DF3E95DC1884463200306A49 /* ViewController.m */ = {isa = PBXFileReference; lastKnownFileType = sourcecode.c.objc; path = ViewController.m; sourceTree = "<group>"; };
		DF3E95DE1884463200306A49 /* Images.xcassets */ = {isa = PBXFileReference; lastKnownFileType = folder.assetcatalog; path = Images.xcassets; sourceTree = "<group>"; };
		DF3E95E41884463200306A49 /* AutoLayoutCellWarningTests.xctest */ = {isa = PBXFileReference; explicitFileType = wrapper.cfbundle; includeInIndex = 0; path = AutoLayoutCellWarningTests.xctest; sourceTree = BUILT_PRODUCTS_DIR; };
		DF3E95E51884463200306A49 /* XCTest.framework */ = {isa = PBXFileReference; lastKnownFileType = wrapper.framework; name = XCTest.framework; path = Library/Frameworks/XCTest.framework; sourceTree = DEVELOPER_DIR; };
		DF3E95ED1884463200306A49 /* AutoLayoutCellWarningTests-Info.plist */ = {isa = PBXFileReference; lastKnownFileType = text.plist.xml; path = "AutoLayoutCellWarningTests-Info.plist"; sourceTree = "<group>"; };
		DF3E95EF1884463200306A49 /* en */ = {isa = PBXFileReference; lastKnownFileType = text.plist.strings; name = en; path = en.lproj/InfoPlist.strings; sourceTree = "<group>"; };
		DF3E95F11884463200306A49 /* AutoLayoutCellWarningTests.m */ = {isa = PBXFileReference; lastKnownFileType = sourcecode.c.objc; path = AutoLayoutCellWarningTests.m; sourceTree = "<group>"; };
		DF3E95FB188451CD00306A49 /* TableViewCell.h */ = {isa = PBXFileReference; fileEncoding = 4; lastKnownFileType = sourcecode.c.h; path = TableViewCell.h; sourceTree = "<group>"; };
		DF3E95FC188451CD00306A49 /* TableViewCell.m */ = {isa = PBXFileReference; fileEncoding = 4; lastKnownFileType = sourcecode.c.objc; path = TableViewCell.m; sourceTree = "<group>"; };
		DF3E96021884533100306A49 /* 150x150@2x.png */ = {isa = PBXFileReference; lastKnownFileType = image.png; name = "150x150@2x.png"; path = "AutoLayoutCellWarning/150x150@2x.png"; sourceTree = "<group>"; };
/* End PBXFileReference section */

/* Begin PBXFrameworksBuildPhase section */
		DF3E95C01884463200306A49 /* Frameworks */ = {
			isa = PBXFrameworksBuildPhase;
			buildActionMask = 2147483647;
			files = (
				DF3E95C91884463200306A49 /* CoreGraphics.framework in Frameworks */,
				DF3E95CB1884463200306A49 /* UIKit.framework in Frameworks */,
				DF3E95C71884463200306A49 /* Foundation.framework in Frameworks */,
			);
			runOnlyForDeploymentPostprocessing = 0;
		};
		DF3E95E11884463200306A49 /* Frameworks */ = {
			isa = PBXFrameworksBuildPhase;
			buildActionMask = 2147483647;
			files = (
				DF3E95E61884463200306A49 /* XCTest.framework in Frameworks */,
				DF3E95E81884463200306A49 /* UIKit.framework in Frameworks */,
				DF3E95E71884463200306A49 /* Foundation.framework in Frameworks */,
			);
			runOnlyForDeploymentPostprocessing = 0;
		};
/* End PBXFrameworksBuildPhase section */

/* Begin PBXGroup section */
		DF3E95BA1884463200306A49 = {
			isa = PBXGroup;
			children = (
				DF3E96011884530900306A49 /* Resources */,
				DF3E95CC1884463200306A49 /* AutoLayoutCellWarning */,
				DF3E95EB1884463200306A49 /* AutoLayoutCellWarningTests */,
				DF3E95C51884463200306A49 /* Frameworks */,
				DF3E95C41884463200306A49 /* Products */,
			);
			sourceTree = "<group>";
		};
		DF3E95C41884463200306A49 /* Products */ = {
			isa = PBXGroup;
			children = (
				DF3E95C31884463200306A49 /* AutoLayoutCellWarning.app */,
				DF3E95E41884463200306A49 /* AutoLayoutCellWarningTests.xctest */,
			);
			name = Products;
			sourceTree = "<group>";
		};
		DF3E95C51884463200306A49 /* Frameworks */ = {
			isa = PBXGroup;
			children = (
				DF3E95C61884463200306A49 /* Foundation.framework */,
				DF3E95C81884463200306A49 /* CoreGraphics.framework */,
				DF3E95CA1884463200306A49 /* UIKit.framework */,
				DF3E95E51884463200306A49 /* XCTest.framework */,
			);
			name = Frameworks;
			sourceTree = "<group>";
		};
		DF3E95CC1884463200306A49 /* AutoLayoutCellWarning */ = {
			isa = PBXGroup;
			children = (
				DF3E95D51884463200306A49 /* AppDelegate.h */,
				DF3E95D61884463200306A49 /* AppDelegate.m */,
				DF3E95DB1884463200306A49 /* ViewController.h */,
				DF3E95DC1884463200306A49 /* ViewController.m */,
				DF3E95DE1884463200306A49 /* Images.xcassets */,
				DF3E95CD1884463200306A49 /* Supporting Files */,
				DF3E95FB188451CD00306A49 /* TableViewCell.h */,
				DF3E95FC188451CD00306A49 /* TableViewCell.m */,
			);
			path = AutoLayoutCellWarning;
			sourceTree = "<group>";
		};
		DF3E95CD1884463200306A49 /* Supporting Files */ = {
			isa = PBXGroup;
			children = (
				DF3E95CE1884463200306A49 /* AutoLayoutCellWarning-Info.plist */,
				DF3E95CF1884463200306A49 /* InfoPlist.strings */,
				DF3E95D21884463200306A49 /* main.m */,
				DF3E95D41884463200306A49 /* AutoLayoutCellWarning-Prefix.pch */,
			);
			name = "Supporting Files";
			sourceTree = "<group>";
		};
		DF3E95EB1884463200306A49 /* AutoLayoutCellWarningTests */ = {
			isa = PBXGroup;
			children = (
				DF3E95F11884463200306A49 /* AutoLayoutCellWarningTests.m */,
				DF3E95EC1884463200306A49 /* Supporting Files */,
			);
			path = AutoLayoutCellWarningTests;
			sourceTree = "<group>";
		};
		DF3E95EC1884463200306A49 /* Supporting Files */ = {
			isa = PBXGroup;
			children = (
				DF3E95ED1884463200306A49 /* AutoLayoutCellWarningTests-Info.plist */,
				DF3E95EE1884463200306A49 /* InfoPlist.strings */,
			);
			name = "Supporting Files";
			sourceTree = "<group>";
		};
		DF3E96011884530900306A49 /* Resources */ = {
			isa = PBXGroup;
			children = (
				DF3E96021884533100306A49 /* 150x150@2x.png */,
			);
			name = Resources;
			sourceTree = "<group>";
		};
/* End PBXGroup section */

/* Begin PBXNativeTarget section */
		DF3E95C21884463200306A49 /* AutoLayoutCellWarning */ = {
			isa = PBXNativeTarget;
			buildConfigurationList = DF3E95F51884463200306A49 /* Build configuration list for PBXNativeTarget "AutoLayoutCellWarning" */;
			buildPhases = (
				DF3E95BF1884463200306A49 /* Sources */,
				DF3E95C01884463200306A49 /* Frameworks */,
				DF3E95C11884463200306A49 /* Resources */,
			);
			buildRules = (
			);
			dependencies = (
			);
			name = AutoLayoutCellWarning;
			productName = AutoLayoutCellWarning;
			productReference = DF3E95C31884463200306A49 /* AutoLayoutCellWarning.app */;
			productType = "com.apple.product-type.application";
		};
		DF3E95E31884463200306A49 /* AutoLayoutCellWarningTests */ = {
			isa = PBXNativeTarget;
			buildConfigurationList = DF3E95F81884463200306A49 /* Build configuration list for PBXNativeTarget "AutoLayoutCellWarningTests" */;
			buildPhases = (
				DF3E95E01884463200306A49 /* Sources */,
				DF3E95E11884463200306A49 /* Frameworks */,
				DF3E95E21884463200306A49 /* Resources */,
			);
			buildRules = (
			);
			dependencies = (
				DF3E95EA1884463200306A49 /* PBXTargetDependency */,
			);
			name = AutoLayoutCellWarningTests;
			productName = AutoLayoutCellWarningTests;
			productReference = DF3E95E41884463200306A49 /* AutoLayoutCellWarningTests.xctest */;
			productType = "com.apple.product-type.bundle.unit-test";
		};
/* End PBXNativeTarget section */

/* Begin PBXProject section */
		DF3E95BB1884463200306A49 /* Project object */ = {
			isa = PBXProject;
			attributes = {
				LastUpgradeCheck = 0500;
				ORGANIZATIONNAME = CruiseCritic;
				TargetAttributes = {
					DF3E95E31884463200306A49 = {
						TestTargetID = DF3E95C21884463200306A49;
					};
				};
			};
			buildConfigurationList = DF3E95BE1884463200306A49 /* Build configuration list for PBXProject "AutoLayoutCellWarning" */;
			compatibilityVersion = "Xcode 3.2";
			developmentRegion = English;
			hasScannedForEncodings = 0;
			knownRegions = (
				en,
				Base,
			);
			mainGroup = DF3E95BA1884463200306A49;
			productRefGroup = DF3E95C41884463200306A49 /* Products */;
			projectDirPath = "";
			projectRoot = "";
			targets = (
				DF3E95C21884463200306A49 /* AutoLayoutCellWarning */,
				DF3E95E31884463200306A49 /* AutoLayoutCellWarningTests */,
			);
		};
/* End PBXProject section */

/* Begin PBXResourcesBuildPhase section */
		DF3E95C11884463200306A49 /* Resources */ = {
			isa = PBXResourcesBuildPhase;
			buildActionMask = 2147483647;
			files = (
				DF3E95DF1884463200306A49 /* Images.xcassets in Resources */,
				DF3E95D11884463200306A49 /* InfoPlist.strings in Resources */,
				DF3E96031884533100306A49 /* 150x150@2x.png in Resources */,
			);
			runOnlyForDeploymentPostprocessing = 0;
		};
		DF3E95E21884463200306A49 /* Resources */ = {
			isa = PBXResourcesBuildPhase;
			buildActionMask = 2147483647;
			files = (
				DF3E95F01884463200306A49 /* InfoPlist.strings in Resources */,
			);
			runOnlyForDeploymentPostprocessing = 0;
		};
/* End PBXResourcesBuildPhase section */

/* Begin PBXSourcesBuildPhase section */
		DF3E95BF1884463200306A49 /* Sources */ = {
			isa = PBXSourcesBuildPhase;
			buildActionMask = 2147483647;
			files = (
				DF3E95DD1884463200306A49 /* ViewController.m in Sources */,
				DF3E95FD188451CD00306A49 /* TableViewCell.m in Sources */,
				DF3E95D71884463200306A49 /* AppDelegate.m in Sources */,
				DF3E95D31884463200306A49 /* main.m in Sources */,
			);
			runOnlyForDeploymentPostprocessing = 0;
		};
		DF3E95E01884463200306A49 /* Sources */ = {
			isa = PBXSourcesBuildPhase;
			buildActionMask = 2147483647;
			files = (
				DF3E95F21884463200306A49 /* AutoLayoutCellWarningTests.m in Sources */,
			);
			runOnlyForDeploymentPostprocessing = 0;
		};
/* End PBXSourcesBuildPhase section */

/* Begin PBXTargetDependency section */
		DF3E95EA1884463200306A49 /* PBXTargetDependency */ = {
			isa = PBXTargetDependency;
			target = DF3E95C21884463200306A49 /* AutoLayoutCellWarning */;
			targetProxy = DF3E95E91884463200306A49 /* PBXContainerItemProxy */;
		};
/* End PBXTargetDependency section */

/* Begin PBXVariantGroup section */
		DF3E95CF1884463200306A49 /* InfoPlist.strings */ = {
			isa = PBXVariantGroup;
			children = (
				DF3E95D01884463200306A49 /* en */,
			);
			name = InfoPlist.strings;
			sourceTree = "<group>";
		};
		DF3E95EE1884463200306A49 /* InfoPlist.strings */ = {
			isa = PBXVariantGroup;
			children = (
				DF3E95EF1884463200306A49 /* en */,
			);
			name = InfoPlist.strings;
			sourceTree = "<group>";
		};
/* End PBXVariantGroup section */

/* Begin XCBuildConfiguration section */
		DF3E95F31884463200306A49 /* Debug */ = {
			isa = XCBuildConfiguration;
			buildSettings = {
				ALWAYS_SEARCH_USER_PATHS = NO;
				ARCHS = "$(ARCHS_STANDARD_INCLUDING_64_BIT)";
				CLANG_CXX_LANGUAGE_STANDARD = "gnu++0x";
				CLANG_CXX_LIBRARY = "libc++";
				CLANG_ENABLE_MODULES = YES;
				CLANG_ENABLE_OBJC_ARC = YES;
				CLANG_WARN_BOOL_CONVERSION = YES;
				CLANG_WARN_CONSTANT_CONVERSION = YES;
				CLANG_WARN_DIRECT_OBJC_ISA_USAGE = YES_ERROR;
				CLANG_WARN_EMPTY_BODY = YES;
				CLANG_WARN_ENUM_CONVERSION = YES;
				CLANG_WARN_INT_CONVERSION = YES;
				CLANG_WARN_OBJC_ROOT_CLASS = YES_ERROR;
				CLANG_WARN__DUPLICATE_METHOD_MATCH = YES;
				"CODE_SIGN_IDENTITY[sdk=iphoneos*]" = "iPhone Developer";
				COPY_PHASE_STRIP = NO;
				GCC_C_LANGUAGE_STANDARD = gnu99;
				GCC_DYNAMIC_NO_PIC = NO;
				GCC_OPTIMIZATION_LEVEL = 0;
				GCC_PREPROCESSOR_DEFINITIONS = (
					"DEBUG=1",
					"$(inherited)",
				);
				GCC_SYMBOLS_PRIVATE_EXTERN = NO;
				GCC_WARN_64_TO_32_BIT_CONVERSION = YES;
				GCC_WARN_ABOUT_RETURN_TYPE = YES_ERROR;
				GCC_WARN_UNDECLARED_SELECTOR = YES;
				GCC_WARN_UNINITIALIZED_AUTOS = YES;
				GCC_WARN_UNUSED_FUNCTION = YES;
				GCC_WARN_UNUSED_VARIABLE = YES;
				IPHONEOS_DEPLOYMENT_TARGET = 6.1;
				ONLY_ACTIVE_ARCH = YES;
				SDKROOT = iphoneos;
			};
			name = Debug;
		};
		DF3E95F41884463200306A49 /* Release */ = {
			isa = XCBuildConfiguration;
			buildSettings = {
				ALWAYS_SEARCH_USER_PATHS = NO;
				ARCHS = "$(ARCHS_STANDARD_INCLUDING_64_BIT)";
				CLANG_CXX_LANGUAGE_STANDARD = "gnu++0x";
				CLANG_CXX_LIBRARY = "libc++";
				CLANG_ENABLE_MODULES = YES;
				CLANG_ENABLE_OBJC_ARC = YES;
				CLANG_WARN_BOOL_CONVERSION = YES;
				CLANG_WARN_CONSTANT_CONVERSION = YES;
				CLANG_WARN_DIRECT_OBJC_ISA_USAGE = YES_ERROR;
				CLANG_WARN_EMPTY_BODY = YES;
				CLANG_WARN_ENUM_CONVERSION = YES;
				CLANG_WARN_INT_CONVERSION = YES;
				CLANG_WARN_OBJC_ROOT_CLASS = YES_ERROR;
				CLANG_WARN__DUPLICATE_METHOD_MATCH = YES;
				"CODE_SIGN_IDENTITY[sdk=iphoneos*]" = "iPhone Developer";
				COPY_PHASE_STRIP = YES;
				ENABLE_NS_ASSERTIONS = NO;
				GCC_C_LANGUAGE_STANDARD = gnu99;
				GCC_WARN_64_TO_32_BIT_CONVERSION = YES;
				GCC_WARN_ABOUT_RETURN_TYPE = YES_ERROR;
				GCC_WARN_UNDECLARED_SELECTOR = YES;
				GCC_WARN_UNINITIALIZED_AUTOS = YES;
				GCC_WARN_UNUSED_FUNCTION = YES;
				GCC_WARN_UNUSED_VARIABLE = YES;
				IPHONEOS_DEPLOYMENT_TARGET = 6.1;
				SDKROOT = iphoneos;
				VALIDATE_PRODUCT = YES;
			};
			name = Release;
		};
		DF3E95F61884463200306A49 /* Debug */ = {
			isa = XCBuildConfiguration;
			buildSettings = {
				ASSETCATALOG_COMPILER_APPICON_NAME = AppIcon;
				ASSETCATALOG_COMPILER_LAUNCHIMAGE_NAME = LaunchImage;
				GCC_PRECOMPILE_PREFIX_HEADER = YES;
				GCC_PREFIX_HEADER = "AutoLayoutCellWarning/AutoLayoutCellWarning-Prefix.pch";
				INFOPLIST_FILE = "AutoLayoutCellWarning/AutoLayoutCellWarning-Info.plist";
				PRODUCT_NAME = "$(TARGET_NAME)";
				WRAPPER_EXTENSION = app;
			};
			name = Debug;
		};
		DF3E95F71884463200306A49 /* Release */ = {
			isa = XCBuildConfiguration;
			buildSettings = {
				ASSETCATALOG_COMPILER_APPICON_NAME = AppIcon;
				ASSETCATALOG_COMPILER_LAUNCHIMAGE_NAME = LaunchImage;
				GCC_PRECOMPILE_PREFIX_HEADER = YES;
				GCC_PREFIX_HEADER = "AutoLayoutCellWarning/AutoLayoutCellWarning-Prefix.pch";
				INFOPLIST_FILE = "AutoLayoutCellWarning/AutoLayoutCellWarning-Info.plist";
				PRODUCT_NAME = "$(TARGET_NAME)";
				WRAPPER_EXTENSION = app;
			};
			name = Release;
		};
		DF3E95F91884463200306A49 /* Debug */ = {
			isa = XCBuildConfiguration;
			buildSettings = {
				ARCHS = "$(ARCHS_STANDARD_INCLUDING_64_BIT)";
				BUNDLE_LOADER = "$(BUILT_PRODUCTS_DIR)/AutoLayoutCellWarning.app/AutoLayoutCellWarning";
				FRAMEWORK_SEARCH_PATHS = (
					"$(SDKROOT)/Developer/Library/Frameworks",
					"$(inherited)",
					"$(DEVELOPER_FRAMEWORKS_DIR)",
				);
				GCC_PRECOMPILE_PREFIX_HEADER = YES;
				GCC_PREFIX_HEADER = "AutoLayoutCellWarning/AutoLayoutCellWarning-Prefix.pch";
				GCC_PREPROCESSOR_DEFINITIONS = (
					"DEBUG=1",
					"$(inherited)",
				);
				INFOPLIST_FILE = "AutoLayoutCellWarningTests/AutoLayoutCellWarningTests-Info.plist";
				PRODUCT_NAME = "$(TARGET_NAME)";
				TEST_HOST = "$(BUNDLE_LOADER)";
				WRAPPER_EXTENSION = xctest;
			};
			name = Debug;
		};
		DF3E95FA1884463200306A49 /* Release */ = {
			isa = XCBuildConfiguration;
			buildSettings = {
				ARCHS = "$(ARCHS_STANDARD_INCLUDING_64_BIT)";
				BUNDLE_LOADER = "$(BUILT_PRODUCTS_DIR)/AutoLayoutCellWarning.app/AutoLayoutCellWarning";
				FRAMEWORK_SEARCH_PATHS = (
					"$(SDKROOT)/Developer/Library/Frameworks",
					"$(inherited)",
					"$(DEVELOPER_FRAMEWORKS_DIR)",
				);
				GCC_PRECOMPILE_PREFIX_HEADER = YES;
				GCC_PREFIX_HEADER = "AutoLayoutCellWarning/AutoLayoutCellWarning-Prefix.pch";
				INFOPLIST_FILE = "AutoLayoutCellWarningTests/AutoLayoutCellWarningTests-Info.plist";
				PRODUCT_NAME = "$(TARGET_NAME)";
				TEST_HOST = "$(BUNDLE_LOADER)";
				WRAPPER_EXTENSION = xctest;
			};
			name = Release;
		};
/* End XCBuildConfiguration section */

/* Begin XCConfigurationList section */
		DF3E95BE1884463200306A49 /* Build configuration list for PBXProject "AutoLayoutCellWarning" */ = {
			isa = XCConfigurationList;
			buildConfigurations = (
				DF3E95F31884463200306A49 /* Debug */,
				DF3E95F41884463200306A49 /* Release */,
			);
			defaultConfigurationIsVisible = 0;
			defaultConfigurationName = Release;
		};
		DF3E95F51884463200306A49 /* Build configuration list for PBXNativeTarget "AutoLayoutCellWarning" */ = {
			isa = XCConfigurationList;
			buildConfigurations = (
				DF3E95F61884463200306A49 /* Debug */,
				DF3E95F71884463200306A49 /* Release */,
			);
			defaultConfigurationIsVisible = 0;
			defaultConfigurationName = Release;
		};
		DF3E95F81884463200306A49 /* Build configuration list for PBXNativeTarget "AutoLayoutCellWarningTests" */ = {
			isa = XCConfigurationList;
			buildConfigurations = (
				DF3E95F91884463200306A49 /* Debug */,
				DF3E95FA1884463200306A49 /* Release */,
			);
			defaultConfigurationIsVisible = 0;
			defaultConfigurationName = Release;
		};
/* End XCConfigurationList section */
	};
	rootObject = DF3E95BB1884463200306A49 /* Project object */;
}
